{
    "_meta": {
        "hash": {
            "sha256": "9817aeb6bfd850cc473cd4008ad265451ed42898687ca6ad9041fc6405366bd4"
        },
        "pipfile-spec": 6,
        "requires": {
            "python_version": "3.8"
        },
        "sources": [
            {
                "name": "pypi",
                "url": "https://pypi.org/simple",
                "verify_ssl": true
            }
        ]
    },
    "default": {
        "grpcio": {
            "hashes": [
                "sha256:013287f99c99b201aa8a5f6bc7918f616739b9be031db132d9e3b8453e95e151",
                "sha256:0397616355760cd8282ed5ea34d51830ae4cb6613b7e5f66bed3be5d041b8b9a",
                "sha256:074871a184483d5cd0746fd01e7d214d3ee9d36e67e32a5786b0a21f29fb8304",
                "sha256:08a9b648dbe8852ff94b73a1c96da126834c3057ba2301d13e8c4adff334c482",
                "sha256:0fa86ac4452602c79774783aa68979a1a7625ebb7eaabee2b6550b975b9d61e6",
                "sha256:220c46b1fc9c9a6fcca4caac398f08f0ed43cdd63c45b7458983c4a1575ef6df",
                "sha256:259240aab2603891553e17ad5b2655693df79e02a9b887ff605bdeb2fcd3dcc9",
                "sha256:292635f05b6ce33f87116951d0b3d8d330bdfc5cac74f739370d60981e8c256c",
                "sha256:344b50865914cc8e6d023457bffee9a640abb18f75d0f2bb519041961c748da9",
                "sha256:3c2aa6d7a5e5bf73fdb1715eee777efe06dd39df03383f1cc095b2fdb34883e6",
                "sha256:43d44548ad6ee738b941abd9f09e3b83a5c13f3e1410321023c3c148ba50e796",
                "sha256:5043440c45c0a031f387e7f48527541c65d672005fb24cf18ef6857483557d39",
                "sha256:58d7121f48cb94535a4cedcce32921d0d0a78563c7372a143dedeec196d1c637",
                "sha256:5d7faa89992e015d245750ca9ac916c161bbf72777b2c60abc61da3fae41339e",
                "sha256:5fb0923b16590bac338e92d98c7d8effb3cfad1d2e18c71bf86bde32c49cd6dd",
                "sha256:63ee8e02d04272c3d103f44b4bce5d43ea757dd288673cea212d2f7da27967d2",
                "sha256:64077e3a9a7cf2f59e6c76d503c8de1f18a76428f41a5b000dc53c48a0b772ff",
                "sha256:739a72abffbd36083ff7adbb862cf1afc1e311c35834bed9c0361d8e68b063e1",
                "sha256:75e383053dccb610590aa53eed5278db5c09bf498d3b5105ce6c776478f59352",
                "sha256:7a11b1ebb3210f34913b8be6995936bf9ebc541a65ab69e75db5ce1fe5047e8f",
                "sha256:8002a89ea91c0078c15d3c0daf423fd4968946be78f08545e807ea9a5ff8054a",
                "sha256:8b42f0ac76be07a5fa31117a3388d754ad35ef05e2e34be185ca9ccbcfac2069",
                "sha256:8ca26b489b5dc1e3d31807d329c23d6cb06fe40fbae25b0649b718947936e26a",
                "sha256:92e54ab65e782f227e751c7555918afaba8d1229601687e89b80c2b65d2f6642",
                "sha256:a9a7ae74cb3108e6457cf15532d4c300324b48fbcf3ef290bcd2835745f20510",
                "sha256:ba3e43cb984399064ffaa3c0997576e46a1e268f9da05f97cd9b272f0b59ee71",
                "sha256:baaa036540d7ace433bdf38a3fe5e41cf9f84cdf10a88bac805f678a7ca8ddcc",
                "sha256:bf00ab06ea4f89976288f4d6224d4aa120780e30c955d4f85c3214ada29b3ddf",
                "sha256:bf39977282a79dc1b2765cc3402c0ada571c29a491caec6ed12c0993c1ec115e",
                "sha256:c22b19abba63562a5a200e586b5bde39d26c8ec30c92e26d209d81182371693b",
                "sha256:c9016ab1eaf4e054099303287195f3746bd4e69f2631d040f9dca43e910a5408",
                "sha256:d2c5e05c257859febd03f5d81b5015e1946d6bcf475c7bf63ee99cea8ab0d590",
                "sha256:e64bddd09842ef508d72ca354319b0eb126205d951e8ac3128fe9869bd563552",
                "sha256:e8c3264b0fd728aadf3f0324471843f65bd3b38872bdab2a477e31ffb685dd5b",
                "sha256:ea849210e7362559f326cbe603d5b8d8bb1e556e86a7393b5a8847057de5b084",
                "sha256:ebb2ca09fa17537e35508a29dcb05575d4d9401138a68e83d1c605d65e8a1770",
                "sha256:ef9fce98b6fe03874c2a6576b02aec1a0df25742cd67d1d7b75a49e30aa74225",
                "sha256:f04c59d186af3157dc8811114130aaeae92e90a65283733f41de94eed484e1f7",
                "sha256:f5b0870b733bcb7b6bf05a02035e7aaf20f599d3802b390282d4c2309f825f1d"
            ],
            "index": "pypi",
            "version": "==1.31.0"
        },
        "six": {
            "hashes": [
                "sha256:30639c035cdb23534cd4aa2dd52c3bf48f06e5f4a941509c8bafd8ce11080259",
                "sha256:8b74bedcbbbaca38ff6d7491d76f2b06b3592611af620f8426e82dddb04a5ced"
            ],
            "markers": "python_version >= '2.7' and python_version not in '3.0, 3.1, 3.2, 3.3'",
            "version": "==1.15.0"
        }
    },
    "develop": {
        "astroid": {
            "hashes": [
                "sha256:2f4078c2a41bf377eea06d71c9d2ba4eb8f6b1af2135bec27bbbb7d8f12bb703",
                "sha256:bc58d83eb610252fd8de6363e39d4f1d0619c894b0ed24603b881c02e64c7386"
            ],
            "markers": "python_version >= '3.5'",
            "version": "==2.4.2"
        },
        "atomicwrites": {
            "hashes": [
                "sha256:6d1784dea7c0c8d4a5172b6c620f40b6e4cbfdf96d783691f2e1302a7b88e197",
                "sha256:ae70396ad1a434f9c7046fd2dd196fc04b12f9e91ffb859164193be8b6168a7a"
            ],
            "markers": "sys_platform == 'win32'",
            "version": "==1.4.0"
        },
        "attrs": {
            "hashes": [
                "sha256:0ef97238856430dcf9228e07f316aefc17e8939fc8507e18c6501b761ef1a42a",
                "sha256:2867b7b9f8326499ab5b0e2d12801fa5c98842d2cbd22b35112ae04bf85b4dff"
            ],
            "markers": "python_version >= '2.7' and python_version not in '3.0, 3.1, 3.2, 3.3'",
            "version": "==20.1.0"
        },
        "autopep8": {
            "hashes": [
                "sha256:d21d3901cb0da6ebd1e83fc9b0dfbde8b46afc2ede4fe32fbda0c7c6118ca094"
            ],
            "index": "pypi",
            "version": "==1.5.4"
        },
        "colorama": {
            "hashes": [
                "sha256:7d73d2a99753107a36ac6b455ee49046802e59d9d076ef8e47b61499fa29afff",
                "sha256:e96da0d330793e2cb9485e9ddfd918d456036c7149416295932478192f4436a1"
            ],
            "markers": "sys_platform == 'win32' and sys_platform == 'win32'",
            "version": "==0.4.3"
        },
        "coverage": {
            "hashes": [
                "sha256:098a703d913be6fbd146a8c50cc76513d726b022d170e5e98dc56d958fd592fb",
                "sha256:16042dc7f8e632e0dcd5206a5095ebd18cb1d005f4c89694f7f8aafd96dd43a3",
                "sha256:1adb6be0dcef0cf9434619d3b892772fdb48e793300f9d762e480e043bd8e716",
                "sha256:27ca5a2bc04d68f0776f2cdcb8bbd508bbe430a7bf9c02315cd05fb1d86d0034",
                "sha256:28f42dc5172ebdc32622a2c3f7ead1b836cdbf253569ae5673f499e35db0bac3",
                "sha256:2fcc8b58953d74d199a1a4d633df8146f0ac36c4e720b4a1997e9b6327af43a8",
                "sha256:304fbe451698373dc6653772c72c5d5e883a4aadaf20343592a7abb2e643dae0",
                "sha256:30bc103587e0d3df9e52cd9da1dd915265a22fad0b72afe54daf840c984b564f",
                "sha256:40f70f81be4d34f8d491e55936904db5c527b0711b2a46513641a5729783c2e4",
                "sha256:4186fc95c9febeab5681bc3248553d5ec8c2999b8424d4fc3a39c9cba5796962",
                "sha256:46794c815e56f1431c66d81943fa90721bb858375fb36e5903697d5eef88627d",
                "sha256:4869ab1c1ed33953bb2433ce7b894a28d724b7aa76c19b11e2878034a4e4680b",
                "sha256:4f6428b55d2916a69f8d6453e48a505c07b2245653b0aa9f0dee38785939f5e4",
                "sha256:52f185ffd3291196dc1aae506b42e178a592b0b60a8610b108e6ad892cfc1bb3",
                "sha256:538f2fd5eb64366f37c97fdb3077d665fa946d2b6d95447622292f38407f9258",
                "sha256:64c4f340338c68c463f1b56e3f2f0423f7b17ba6c3febae80b81f0e093077f59",
                "sha256:675192fca634f0df69af3493a48224f211f8db4e84452b08d5fcebb9167adb01",
                "sha256:700997b77cfab016533b3e7dbc03b71d33ee4df1d79f2463a318ca0263fc29dd",
                "sha256:8505e614c983834239f865da2dd336dcf9d72776b951d5dfa5ac36b987726e1b",
                "sha256:962c44070c281d86398aeb8f64e1bf37816a4dfc6f4c0f114756b14fc575621d",
                "sha256:9e536783a5acee79a9b308be97d3952b662748c4037b6a24cbb339dc7ed8eb89",
                "sha256:9ea749fd447ce7fb1ac71f7616371f04054d969d412d37611716721931e36efd",
                "sha256:a34cb28e0747ea15e82d13e14de606747e9e484fb28d63c999483f5d5188e89b",
                "sha256:a3ee9c793ffefe2944d3a2bd928a0e436cd0ac2d9e3723152d6fd5398838ce7d",
                "sha256:aab75d99f3f2874733946a7648ce87a50019eb90baef931698f96b76b6769a46",
                "sha256:b1ed2bdb27b4c9fc87058a1cb751c4df8752002143ed393899edb82b131e0546",
                "sha256:b360d8fd88d2bad01cb953d81fd2edd4be539df7bfec41e8753fe9f4456a5082",
                "sha256:b8f58c7db64d8f27078cbf2a4391af6aa4e4767cc08b37555c4ae064b8558d9b",
                "sha256:c1bbb628ed5192124889b51204de27c575b3ffc05a5a91307e7640eff1d48da4",
                "sha256:c2ff24df02a125b7b346c4c9078c8936da06964cc2d276292c357d64378158f8",
                "sha256:c890728a93fffd0407d7d37c1e6083ff3f9f211c83b4316fae3778417eab9811",
                "sha256:c96472b8ca5dc135fb0aa62f79b033f02aa434fb03a8b190600a5ae4102df1fd",
                "sha256:ce7866f29d3025b5b34c2e944e66ebef0d92e4a4f2463f7266daa03a1332a651",
                "sha256:e26c993bd4b220429d4ec8c1468eca445a4064a61c74ca08da7429af9bc53bb0"
            ],
            "index": "pypi",
            "version": "==5.2.1"
        },
        "iniconfig": {
            "hashes": [
                "sha256:80cf40c597eb564e86346103f609d74efce0f6b4d4f30ec8ce9e2c26411ba437",
                "sha256:e5f92f89355a67de0595932a6c6c02ab4afddc6fcdc0bfc5becd0d60884d3f69"
            ],
            "version": "==1.0.1"
        },
        "isort": {
            "hashes": [
                "sha256:54da7e92468955c4fceacd0c86bd0ec997b0e1ee80d97f67c35a78b719dccab1",
                "sha256:6e811fcb295968434526407adb8796944f1988c5b65e8139058f2014cbe100fd"
            ],
            "markers": "python_version >= '2.7' and python_version not in '3.0, 3.1, 3.2, 3.3'",
            "version": "==4.3.21"
        },
        "lazy-object-proxy": {
            "hashes": [
                "sha256:0c4b206227a8097f05c4dbdd323c50edf81f15db3b8dc064d08c62d37e1a504d",
                "sha256:194d092e6f246b906e8f70884e620e459fc54db3259e60cf69a4d66c3fda3449",
                "sha256:1be7e4c9f96948003609aa6c974ae59830a6baecc5376c25c92d7d697e684c08",
                "sha256:4677f594e474c91da97f489fea5b7daa17b5517190899cf213697e48d3902f5a",
                "sha256:48dab84ebd4831077b150572aec802f303117c8cc5c871e182447281ebf3ac50",
                "sha256:5541cada25cd173702dbd99f8e22434105456314462326f06dba3e180f203dfd",
                "sha256:59f79fef100b09564bc2df42ea2d8d21a64fdcda64979c0fa3db7bdaabaf6239",
                "sha256:8d859b89baf8ef7f8bc6b00aa20316483d67f0b1cbf422f5b4dc56701c8f2ffb",
                "sha256:9254f4358b9b541e3441b007a0ea0764b9d056afdeafc1a5569eee1cc6c1b9ea",
                "sha256:9651375199045a358eb6741df3e02a651e0330be090b3bc79f6d0de31a80ec3e",
                "sha256:97bb5884f6f1cdce0099f86b907aa41c970c3c672ac8b9c8352789e103cf3156",
                "sha256:9b15f3f4c0f35727d3a0fba4b770b3c4ebbb1fa907dbcc046a1d2799f3edd142",
                "sha256:a2238e9d1bb71a56cd710611a1614d1194dc10a175c1e08d75e1a7bcc250d442",
                "sha256:a6ae12d08c0bf9909ce12385803a543bfe99b95fe01e752536a60af2b7797c62",
                "sha256:ca0a928a3ddbc5725be2dd1cf895ec0a254798915fb3a36af0964a0a4149e3db",
                "sha256:cb2c7c57005a6804ab66f106ceb8482da55f5314b7fcb06551db1edae4ad1531",
                "sha256:d74bb8693bf9cf75ac3b47a54d716bbb1a92648d5f781fc799347cfc95952383",
                "sha256:d945239a5639b3ff35b70a88c5f2f491913eb94871780ebfabb2568bd58afc5a",
                "sha256:eba7011090323c1dadf18b3b689845fd96a61ba0a1dfbd7f24b921398affc357",
                "sha256:efa1909120ce98bbb3777e8b6f92237f5d5c8ea6758efea36a473e1d38f7d3e4",
                "sha256:f3900e8a5de27447acbf900b4750b0ddfd7ec1ea7fbaf11dfa911141bc522af0"
            ],
            "markers": "python_version >= '2.7' and python_version not in '3.0, 3.1, 3.2, 3.3'",
            "version": "==1.4.3"
        },
        "mccabe": {
            "hashes": [
                "sha256:ab8a6258860da4b6677da4bd2fe5dc2c659cff31b3ee4f7f5d64e79735b80d42",
                "sha256:dd8d182285a0fe56bace7f45b5e7d1a6ebcbf524e8f3bd87eb0f125271b8831f"
            ],
            "version": "==0.6.1"
        },
        "more-itertools": {
            "hashes": [
                "sha256:68c70cc7167bdf5c7c9d8f6954a7837089c6a36bf565383919bb595efb8a17e5",
                "sha256:b78134b2063dd214000685165d81c154522c3ee0a1c0d4d113c80361c234c5a2"
            ],
            "markers": "python_version >= '3.5'",
            "version": "==8.4.0"
        },
        "packaging": {
            "hashes": [
                "sha256:4357f74f47b9c12db93624a82154e9b120fa8293699949152b22065d556079f8",
                "sha256:998416ba6962ae7fbd6596850b80e17859a5753ba17c32284f67bfff33784181"
            ],
            "markers": "python_version >= '2.7' and python_version not in '3.0, 3.1, 3.2, 3.3'",
            "version": "==20.4"
        },
        "pluggy": {
            "hashes": [
                "sha256:15b2acde666561e1298d71b523007ed7364de07029219b604cf808bfa1c765b0",
                "sha256:966c145cd83c96502c3c3868f50408687b38434af77734af1e9ca461a4081d2d"
            ],
            "markers": "python_version >= '2.7' and python_version not in '3.0, 3.1, 3.2, 3.3'",
            "version": "==0.13.1"
        },
        "py": {
            "hashes": [
                "sha256:366389d1db726cd2fcfc79732e75410e5fe4d31db13692115529d34069a043c2",
                "sha256:9ca6883ce56b4e8da7e79ac18787889fa5206c79dcc67fb065376cd2fe03f342"
            ],
            "markers": "python_version >= '2.7' and python_version not in '3.0, 3.1, 3.2, 3.3'",
            "version": "==1.9.0"
        },
        "pycodestyle": {
            "hashes": [
                "sha256:2295e7b2f6b5bd100585ebcb1f616591b652db8a741695b3d8f5d28bdc934367",
                "sha256:c58a7d2815e0e8d7972bf1803331fb0152f867bd89adf8a01dfd55085434192e"
            ],
            "markers": "python_version >= '2.7' and python_version not in '3.0, 3.1, 3.2, 3.3'",
            "version": "==2.6.0"
        },
        "pylint": {
            "hashes": [
                "sha256:7dd78437f2d8d019717dbf287772d0b2dbdfd13fc016aa7faa08d67bccc46adc",
                "sha256:d0ece7d223fe422088b0e8f13fa0a1e8eb745ebffcb8ed53d3e95394b6101a1c"
            ],
            "index": "pypi",
            "version": "==2.5.3"
        },
        "pyparsing": {
            "hashes": [
                "sha256:c203ec8783bf771a155b207279b9bccb8dea02d8f0c9e5f8ead507bc3246ecc1",
                "sha256:ef9d7589ef3c200abe66653d3f1ab1033c3c419ae9b9bdb1240a85b024efc88b"
            ],
            "markers": "python_version >= '2.6' and python_version not in '3.0, 3.1, 3.2, 3.3'",
            "version": "==2.4.7"
        },
        "pytest": {
            "hashes": [
                "sha256:85228d75db9f45e06e57ef9bf4429267f81ac7c0d742cc9ed63d09886a9fe6f4",
                "sha256:8b6007800c53fdacd5a5c192203f4e531eb2a1540ad9c752e052ec0f7143dbad"
            ],
            "index": "pypi",
            "version": "==6.0.1"
        },
        "pytest-grpc": {
            "hashes": [
                "sha256:0bd2683ffd34199444d707c0ab01970b22e0afbba6cb1ddb6d578c85ebfe09bd",
                "sha256:5b062cf498e59995e84b3051da76f7bcff8cfe307927869f7bdc27ab967eee35"
            ],
            "index": "pypi",
            "version": "==0.8.0"
        },
        "six": {
            "hashes": [
                "sha256:30639c035cdb23534cd4aa2dd52c3bf48f06e5f4a941509c8bafd8ce11080259",
                "sha256:8b74bedcbbbaca38ff6d7491d76f2b06b3592611af620f8426e82dddb04a5ced"
            ],
            "markers": "python_version >= '2.7' and python_version not in '3.0, 3.1, 3.2, 3.3'",
            "version": "==1.15.0"
        },
        "toml": {
            "hashes": [
                "sha256:926b612be1e5ce0634a2ca03470f95169cf16f939018233a670519cb4ac58b0f",
                "sha256:bda89d5935c2eac546d648028b9901107a595863cb36bae0c73ac804a9b4ce88"
            ],
            "version": "==0.10.1"
        },
        "wrapt": {
            "hashes": [
                "sha256:b62ffa81fb85f4332a4f609cab4ac40709470da05643a082ec1eb88e6d9b97d7"
            ],
            "version": "==1.12.1"
        }
    }
}
