{
    "_meta": {
        "hash": {
            "sha256": "d0680932eb1fe86bbf868d515aff05df5cef053ed08700e42cc62deccf1700a6"
        },
        "pipfile-spec": 6,
        "requires": {},
        "sources": [
            {
                "name": "pypi",
                "url": "https://pypi.org/simple",
                "verify_ssl": true
            }
        ]
    },
    "default": {
        "aiofiles": {
            "hashes": [
                "sha256:a1c4fc9b2ff81568c83e21392a82f344ea9d23da906e4f6a52662764545e19d4",
                "sha256:c67a6823b5f23fcab0a2595a289cec7d8c863ffcb4322fb8cd6b90400aedfdbc"
            ],
            "index": "pypi",
            "version": "==0.7.0"
        },
        "certifi": {
            "hashes": [
                "sha256:78884e7c1d4b00ce3cea67b44566851c4343c120abd683433ce934a68ea58872",
                "sha256:d62a0163eb4c2344ac042ab2bdf75399a71a2d8c7d47eac2e2ee91b9d6339569"
            ],
            "version": "==2021.10.8"
        },
        "charset-normalizer": {
            "hashes": [
                "sha256:e019de665e2bcf9c2b64e2e5aa025fa991da8720daa3c1138cadd2fd1856aed0",
                "sha256:f7af805c321bfa1ce6714c51f254e0d5bb5e5834039bc17db7ebe3a4cec9492b"
            ],
            "markers": "python_version >= '3'",
            "version": "==2.0.7"
        },
        "grpcio": {
            "hashes": [
                "sha256:056806e83eaa09d0af0e452dd353db8f7c90aa2dedcce1112a2d21592550f6b1",
                "sha256:07594e585a5ba25cf331ddb63095ca51010c34e328a822cb772ffbd5daa62cb5",
                "sha256:0abd56d90dff3ed566807520de1385126dded21e62d3490a34c180a91f94c1f4",
                "sha256:15c04d695833c739dbb25c88eaf6abd9a461ec0dbd32f44bc8769335a495cf5a",
                "sha256:1820845e7e6410240eff97742e9f76cd5bf10ca01d36a322e86c0bd5340ac25b",
                "sha256:1bcbeac764bbae329bc2cc9e95d0f4d3b0fb456b92cf12e7e06e3e860a4b31cf",
                "sha256:2410000eb57cf76b05b37d2aee270b686f0a7876710850a2bba92b4ed133e026",
                "sha256:2882b62f74de8c8a4f7b2be066f6230ecc46f4edc8f42db1fb7358200abe3b25",
                "sha256:297ee755d3c6cd7e7d3770f298f4d4d4b000665943ae6d2888f7407418a9a510",
                "sha256:39ce785f0cbd07966a9019386b7a054615b2da63da3c7727f371304d000a1890",
                "sha256:3a92e4df5330cd384984e04804104ae34f521345917813aa86fc0930101a3697",
                "sha256:3bbeee115b05b22f6a9fa9bc78f9ab8d9d6bb8c16fdfc60401fc8658beae1099",
                "sha256:4537bb9e35af62c5189493792a8c34d127275a6d175c8ad48b6314cacba4021e",
                "sha256:462178987f0e5c60d6d1b79e4e95803a4cd789db961d6b3f087245906bb5ae04",
                "sha256:5292a627b44b6d3065de4a364ead23bab3c9d7a7c05416a9de0c0624d0fe03f4",
                "sha256:5502832b7cec670a880764f51a335a19b10ff5ab2e940e1ded67f39b88aa02b1",
                "sha256:585847ed190ea9cb4d632eb0ebf58f1d299bbca5e03284bc3d0fa08bab6ea365",
                "sha256:59645b2d9f19b5ff30cb46ddbcaa09c398f9cd81e4e476b21c7c55ae1e942807",
                "sha256:5d4b30d068b022e412adcf9b14c0d9bcbc872e9745b91467edc0a4c700a8bba6",
                "sha256:7033199706526e7ee06a362e38476dfdf2ddbad625c19b67ed30411d1bb25a18",
                "sha256:7b07cbbd4eea56738e995fcbba3b60e41fd9aa9dac937fb7985c5dcbc7626260",
                "sha256:7da3f6f6b857399c9ad85bcbffc83189e547a0a1a777ab68f5385154f8bc1ed4",
                "sha256:83c1e731c2b76f26689ad88534cafefe105dcf385567bead08f5857cb308246b",
                "sha256:9674a9d3f23702e35a89e22504f41b467893cf704f627cc9cdd118cf1dcc8e26",
                "sha256:9ecd0fc34aa46eeac24f4d20e67bafaf72ca914f99690bf2898674905eaddaf9",
                "sha256:a0c4bdd1d646365d10ba1468bcf234ea5ad46e8ce2b115983e8563248614910a",
                "sha256:a144f6cecbb61aace12e5920840338a3d246123a41d795e316e2792e9775ad15",
                "sha256:a3cd7f945d3e3b82ebd2a4c9862eb9891a5ac87f84a7db336acbeafd86e6c402",
                "sha256:a614224719579044bd7950554d3b4c1793bb5715cbf0f0399b1f21d283c40ef6",
                "sha256:ace080a9c3c673c42adfd2116875a63fec9613797be01a6105acf7721ed0c693",
                "sha256:b2de4e7b5a930be04a4d05c9f5fce7e9191217ccdc174b026c2a7928770dca9f",
                "sha256:b6b68c444abbaf4a2b944a61cf35726ab9645f45d416bcc7cf4addc4b2f2d53d",
                "sha256:be3c6ac822edb509aeef41361ca9c8c5ee52cb9e4973e1977d2bb7d6a460fd97",
                "sha256:c07acd49541f5f6f9984fe0adf162d77bf70e0f58e77f9960c6f571314ff63a4",
                "sha256:c1e0a4c86d4cbd93059d5eeceed6e1c2e3e1494e1bf40be9b8ab14302c576162",
                "sha256:c8c5bc498f6506b6041c30afb7a55c57a9fd535d1a0ac7cdba9b5fd791a85633",
                "sha256:c95dd6e60e059ff770a2ac9f5a202b75dd64d76b0cd0c48f27d58907e43ed6a6",
                "sha256:ccd2f1cf11768d1f6fbe4e13e8b8fb0ccfe9914ceeff55a367d5571e82eeb543",
                "sha256:d0cc0393744ce3ce1b237ae773635cc928470ff46fb0d3f677e337a38e5ed4f6",
                "sha256:d539ebd05a2bbfbf897d41738d37d162d5c3d9f2b1f8ddf2c4f75e2c9cf59907",
                "sha256:d71aa430b2ac40e18e388504ac34cc91d49d811855ca507c463a21059bf364f0",
                "sha256:dcb5f324712a104aca4a459e524e535f205f36deb8005feb4f9d3ff0a22b5177",
                "sha256:e516124010ef60d5fc2e0de0f1f987599249dc55fd529001f17f776a4145767f",
                "sha256:fb64abf0d92134cb0ba4496a3b7ab918588eee42de20e5b3507fe6ee16db97ee"
            ],
            "version": "==1.41.0"
        },
        "idna": {
            "hashes": [
                "sha256:84d9dd047ffa80596e0f246e2eab0b391788b0503584e8945f2368256d2735ff",
                "sha256:9d643ff0a55b762d5cdb124b8eaa99c66322e2157b69160bc32796e824360e6d"
            ],
            "markers": "python_version >= '3'",
            "version": "==3.3"
        },
        "oauthlib": {
            "hashes": [
                "sha256:42bf6354c2ed8c6acb54d971fce6f88193d97297e18602a3a886603f9d7730cc",
                "sha256:8f0215fcc533dd8dd1bee6f4c412d4f0cd7297307d43ac61666389e3bc3198a3"
            ],
            "index": "pypi",
            "version": "==3.1.1"
        },
        "protobuf": {
            "hashes": [
                "sha256:0851b5b89191e1976d34fa2e8eb8659829dfb45252053224cf9df857fb5f6a45",
                "sha256:09d9268f6f9da81b7657adcf2fb397524c82f20cdf9e0db3ff4e7567977abd67",
                "sha256:10544fc7ace885a882623083c24da5b14148c77563acddc3c58d66f6153c09cd",
                "sha256:1c9bb40503751087300dd12ce2e90899d68628977905c76effc48e66d089391e",
                "sha256:387f621bf7295a331f8c8a6962d097ceddeb85356792888cfa6a5c6bfc6886a4",
                "sha256:3c1644f8a7f19b45c7a4c32278e2a55ae9e7e2f9e5f02d960a61f04a4890d3e6",
                "sha256:4d19c9cb805fd2be1d59eee39e152367ee92a30167e77bd06c8819f8f0009a4c",
                "sha256:61ca58e14033ca0dfa484a31d57237c1be3b6013454c7f53876a20fc88dd69b1",
                "sha256:6f714f5de9d40b3bec90ede4a688cce52f637ccdc5403afcda1f67598f4fdcd7",
                "sha256:7a7be937c319146cc9f2626f0181e6809062c353e1fe449ecd0df374ba1036b2",
                "sha256:7e2f0677d68ecdd1cfda2abea65873f5bc7c3f5aae199404a3f5c1d1198c1a63",
                "sha256:8c1c5d3966c856f60a9d8d62f4455d70c31026422acdd5c228edf22b65b16c38",
                "sha256:93bad12895d8b0ebc66b605c2ef1802311595f881aef032d9f13282b7550e6b2",
                "sha256:c0e2790c580070cff2921b93d562539ae027064340151c50db6aaf94c33048cd",
                "sha256:c492c217d3f69f4d2d5619571e52ab98538edbf53caf67e53ea92bd0a3b5670f",
                "sha256:d6d927774c0ec746fed15a4faff5f44aad0b7a3421fadb6f3ae5ca1f2f8ae26e",
                "sha256:d76201380f41a2d83fb613a4683059d1fcafbe969518b3e409e279a8788fde2f",
                "sha256:e2ee8b11e3eb2ed38f12137c3c132270a0b1dd509e317228ac47b67f21a583f1",
                "sha256:e9ac691f7b24e4371dcd3980e4f5d6c840a2010da37986203053fee995786ec5",
                "sha256:f20f803892f2135e8b96dc58c9a0c6a7ad8436794bf8784af229498d939b4c77",
                "sha256:fa6d1049d5315566f55c04d0b50c0033415144f96a9d25c820dc542fe2bb7f45"
            ],
            "markers": "python_version >= '3.5'",
            "version": "==3.18.1"
        },
        "requests": {
            "hashes": [
                "sha256:6c1246513ecd5ecd4528a0906f910e8f0f9c6b8ec72030dc9fd154dc1a6efd24",
                "sha256:b8aa58f8cf793ffd8782d3d8cb19e66ef36f7aba4353eec859e74678b01b07a7"
            ],
            "markers": "python_version >= '2.7' and python_version not in '3.0, 3.1, 3.2, 3.3, 3.4, 3.5'",
            "version": "==2.26.0"
        },
        "requests-oauthlib": {
            "hashes": [
                "sha256:7f71572defaecd16372f9006f33c2ec8c077c3cfa6f5911a9a90202beb513f3d",
                "sha256:b4261601a71fd721a8bd6d7aa1cc1d6a8a93b4a9f5e96626f8e4d91e8beeaa6a",
                "sha256:fa6c47b933f01060936d87ae9327fead68768b69c6c9ea2109c48be30f2d4dbc"
            ],
            "index": "pypi",
            "version": "==1.3.0"
        },
        "six": {
            "hashes": [
                "sha256:1e61c37477a1626458e36f7b1d82aa5c9b094fa4802892072e49de9c60c4c926",
                "sha256:8abb2f1d86890a2dfb989f9a77cfcfd3e47c2a354b01111771326f8aa26e0254"
            ],
            "markers": "python_version >= '2.7' and python_version not in '3.0, 3.1, 3.2, 3.3'",
            "version": "==1.16.0"
        },
        "urllib3": {
            "hashes": [
                "sha256:4987c65554f7a2dbf30c18fd48778ef124af6fab771a377103da0585e2336ece",
                "sha256:c4fdf4019605b6e5423637e01bc9fe4daef873709a7973e195ceba0a62bbc844"
            ],
            "markers": "python_version >= '2.7' and python_version not in '3.0, 3.1, 3.2, 3.3, 3.4' and python_version < '4.0'",
            "version": "==1.26.7"
        },
        "zeebe-grpc": {
            "hashes": [
                "sha256:6a5b8b281dc57a949882ad28b82d3516898df07fdb9cdb0acd9db71aa8865eb5",
                "sha256:be2eafa4068335b9554b2f28dd90711625392252e2f5dd50ddd61043ecf77b69"
            ],
            "index": "pypi",
            "version": "==1.0.0"
        }
    },
    "develop": {
        "aiofiles": {
            "hashes": [
                "sha256:a1c4fc9b2ff81568c83e21392a82f344ea9d23da906e4f6a52662764545e19d4",
                "sha256:c67a6823b5f23fcab0a2595a289cec7d8c863ffcb4322fb8cd6b90400aedfdbc"
            ],
            "index": "pypi",
            "version": "==0.7.0"
        },
        "alabaster": {
            "hashes": [
                "sha256:446438bdcca0e05bd45ea2de1668c1d9b032e1a9154c2c259092d77031ddd359",
                "sha256:a661d72d58e6ea8a57f7a86e37d86716863ee5e92788398526d58b26a4e4dc02"
            ],
            "version": "==0.7.12"
        },
        "astroid": {
            "hashes": [
                "sha256:3975a0bd5373bdce166e60c851cfcbaf21ee96de80ec518c1f4cb3e94c3fb334",
                "sha256:ab7f36e8a78b8e54a62028ba6beef7561db4cdb6f2a5009ecc44a6f42b5697ef"
            ],
            "markers": "python_version ~= '3.6'",
            "version": "==2.6.6"
        },
        "asyncmock": {
            "hashes": [
                "sha256:c251889d542e98fe5f7ece2b5b8643b7d62b50a5657d34a4cbce8a1d5170d750",
                "sha256:fd8bc4e7813251a8959d1140924ccba3adbbc7af885dba7047c67f73c0b664b1"
            ],
            "index": "pypi",
            "version": "==0.4.2"
        },
        "attrs": {
            "hashes": [
                "sha256:149e90d6d8ac20db7a955ad60cf0e6881a3f20d37096140088356da6c716b0b1",
                "sha256:ef6aaac3ca6cd92904cdd0d83f629a15f18053ec84e6432106f7a4d04ae4f5fb"
            ],
            "markers": "python_version >= '2.7' and python_version not in '3.0, 3.1, 3.2, 3.3, 3.4'",
            "version": "==21.2.0"
        },
        "autopep8": {
            "hashes": [
                "sha256:276ced7e9e3cb22e5d7c14748384a5cf5d9002257c0ed50c0e075b68011bb6d0",
                "sha256:aa213493c30dcdac99537249ee65b24af0b2c29f2e83cd8b3f68760441ed0db9"
            ],
            "index": "pypi",
            "version": "==1.5.7"
        },
        "babel": {
            "hashes": [
                "sha256:ab49e12b91d937cd11f0b67cb259a57ab4ad2b59ac7a3b41d6c06c0ac5b0def9",
                "sha256:bc0c176f9f6a994582230df350aa6e05ba2ebe4b3ac317eab29d9be5d2768da0"
            ],
            "markers": "python_version >= '2.7' and python_version not in '3.0, 3.1, 3.2, 3.3'",
            "version": "==2.9.1"
        },
        "bump2version": {
            "hashes": [
                "sha256:37f927ea17cde7ae2d7baf832f8e80ce3777624554a653006c9144f8017fe410",
                "sha256:762cb2bfad61f4ec8e2bdf452c7c267416f8c70dd9ecb1653fd0bbb01fa936e6"
            ],
            "index": "pypi",
            "version": "==1.0.1"
        },
        "certifi": {
            "hashes": [
                "sha256:78884e7c1d4b00ce3cea67b44566851c4343c120abd683433ce934a68ea58872",
                "sha256:d62a0163eb4c2344ac042ab2bdf75399a71a2d8c7d47eac2e2ee91b9d6339569"
            ],
            "version": "==2021.10.8"
        },
        "charset-normalizer": {
            "hashes": [
                "sha256:e019de665e2bcf9c2b64e2e5aa025fa991da8720daa3c1138cadd2fd1856aed0",
                "sha256:f7af805c321bfa1ce6714c51f254e0d5bb5e5834039bc17db7ebe3a4cec9492b"
            ],
            "markers": "python_version >= '3'",
            "version": "==2.0.7"
        },
        "coverage": {
            "hashes": [
                "sha256:004d1880bed2d97151facef49f08e255a20ceb6f9432df75f4eef018fdd5a78c",
                "sha256:01d84219b5cdbfc8122223b39a954820929497a1cb1422824bb86b07b74594b6",
                "sha256:040af6c32813fa3eae5305d53f18875bedd079960822ef8ec067a66dd8afcd45",
                "sha256:06191eb60f8d8a5bc046f3799f8a07a2d7aefb9504b0209aff0b47298333302a",
                "sha256:13034c4409db851670bc9acd836243aeee299949bd5673e11844befcb0149f03",
                "sha256:13c4ee887eca0f4c5a247b75398d4114c37882658300e153113dafb1d76de529",
                "sha256:184a47bbe0aa6400ed2d41d8e9ed868b8205046518c52464fde713ea06e3a74a",
                "sha256:18ba8bbede96a2c3dde7b868de9dcbd55670690af0988713f0603f037848418a",
                "sha256:1aa846f56c3d49205c952d8318e76ccc2ae23303351d9270ab220004c580cfe2",
                "sha256:217658ec7187497e3f3ebd901afdca1af062b42cfe3e0dafea4cced3983739f6",
                "sha256:24d4a7de75446be83244eabbff746d66b9240ae020ced65d060815fac3423759",
                "sha256:2910f4d36a6a9b4214bb7038d537f015346f413a975d57ca6b43bf23d6563b53",
                "sha256:2949cad1c5208b8298d5686d5a85b66aae46d73eec2c3e08c817dd3513e5848a",
                "sha256:2a3859cb82dcbda1cfd3e6f71c27081d18aa251d20a17d87d26d4cd216fb0af4",
                "sha256:2cafbbb3af0733db200c9b5f798d18953b1a304d3f86a938367de1567f4b5bff",
                "sha256:2e0d881ad471768bf6e6c2bf905d183543f10098e3b3640fc029509530091502",
                "sha256:30c77c1dc9f253283e34c27935fded5015f7d1abe83bc7821680ac444eaf7793",
                "sha256:3487286bc29a5aa4b93a072e9592f22254291ce96a9fbc5251f566b6b7343cdb",
                "sha256:372da284cfd642d8e08ef606917846fa2ee350f64994bebfbd3afb0040436905",
                "sha256:41179b8a845742d1eb60449bdb2992196e211341818565abded11cfa90efb821",
                "sha256:44d654437b8ddd9eee7d1eaee28b7219bec228520ff809af170488fd2fed3e2b",
                "sha256:4a7697d8cb0f27399b0e393c0b90f0f1e40c82023ea4d45d22bce7032a5d7b81",
                "sha256:51cb9476a3987c8967ebab3f0fe144819781fca264f57f89760037a2ea191cb0",
                "sha256:52596d3d0e8bdf3af43db3e9ba8dcdaac724ba7b5ca3f6358529d56f7a166f8b",
                "sha256:53194af30d5bad77fcba80e23a1441c71abfb3e01192034f8246e0d8f99528f3",
                "sha256:5fec2d43a2cc6965edc0bb9e83e1e4b557f76f843a77a2496cbe719583ce8184",
                "sha256:6c90e11318f0d3c436a42409f2749ee1a115cd8b067d7f14c148f1ce5574d701",
                "sha256:74d881fc777ebb11c63736622b60cb9e4aee5cace591ce274fb69e582a12a61a",
                "sha256:7501140f755b725495941b43347ba8a2777407fc7f250d4f5a7d2a1050ba8e82",
                "sha256:796c9c3c79747146ebd278dbe1e5c5c05dd6b10cc3bcb8389dfdf844f3ead638",
                "sha256:869a64f53488f40fa5b5b9dcb9e9b2962a66a87dab37790f3fcfb5144b996ef5",
                "sha256:8963a499849a1fc54b35b1c9f162f4108017b2e6db2c46c1bed93a72262ed083",
                "sha256:8d0a0725ad7c1a0bcd8d1b437e191107d457e2ec1084b9f190630a4fb1af78e6",
                "sha256:900fbf7759501bc7807fd6638c947d7a831fc9fdf742dc10f02956ff7220fa90",
                "sha256:92b017ce34b68a7d67bd6d117e6d443a9bf63a2ecf8567bb3d8c6c7bc5014465",
                "sha256:970284a88b99673ccb2e4e334cfb38a10aab7cd44f7457564d11898a74b62d0a",
                "sha256:972c85d205b51e30e59525694670de6a8a89691186012535f9d7dbaa230e42c3",
                "sha256:9a1ef3b66e38ef8618ce5fdc7bea3d9f45f3624e2a66295eea5e57966c85909e",
                "sha256:af0e781009aaf59e25c5a678122391cb0f345ac0ec272c7961dc5455e1c40066",
                "sha256:b6d534e4b2ab35c9f93f46229363e17f63c53ad01330df9f2d6bd1187e5eaacf",
                "sha256:b7895207b4c843c76a25ab8c1e866261bcfe27bfaa20c192de5190121770672b",
                "sha256:c0891a6a97b09c1f3e073a890514d5012eb256845c451bd48f7968ef939bf4ae",
                "sha256:c2723d347ab06e7ddad1a58b2a821218239249a9e4365eaff6649d31180c1669",
                "sha256:d1f8bf7b90ba55699b3a5e44930e93ff0189aa27186e96071fac7dd0d06a1873",
                "sha256:d1f9ce122f83b2305592c11d64f181b87153fc2c2bbd3bb4a3dde8303cfb1a6b",
                "sha256:d314ed732c25d29775e84a960c3c60808b682c08d86602ec2c3008e1202e3bb6",
                "sha256:d636598c8305e1f90b439dbf4f66437de4a5e3c31fdf47ad29542478c8508bbb",
                "sha256:deee1077aae10d8fa88cb02c845cfba9b62c55e1183f52f6ae6a2df6a2187160",
                "sha256:ebe78fe9a0e874362175b02371bdfbee64d8edc42a044253ddf4ee7d3c15212c",
                "sha256:f030f8873312a16414c0d8e1a1ddff2d3235655a2174e3648b4fa66b3f2f1079",
                "sha256:f0b278ce10936db1a37e6954e15a3730bea96a0997c26d7fee88e6c396c2086d",
                "sha256:f11642dddbb0253cc8853254301b51390ba0081750a8ac03f20ea8103f0c56b6"
            ],
            "index": "pypi",
            "version": "==5.5"
        },
        "coveralls": {
            "hashes": [
                "sha256:2301a19500b06649d2ec4f2858f9c69638d7699a4c63027c5d53daba666147cc",
                "sha256:b990ba1f7bc4288e63340be0433698c1efe8217f78c689d254c2540af3d38617"
            ],
            "index": "pypi",
            "version": "==2.2.0"
        },
        "docopt": {
            "hashes": [
                "sha256:49b3a825280bd66b3aa83585ef59c4a8c82f2c8a522dbe754a8bc8d08c85c491"
            ],
            "version": "==0.6.2"
        },
        "docutils": {
            "hashes": [
                "sha256:0c5b78adfbf7762415433f5515cd5c9e762339e23369dbe8000d84a4bf4ab3af",
                "sha256:c2de3a60e9e7d07be26b7f2b00ca0309c207e06c100f9cc2a94931fc75a478fc"
            ],
            "markers": "python_version >= '2.7' and python_version not in '3.0, 3.1, 3.2, 3.3, 3.4'",
            "version": "==0.16"
        },
        "grpcio": {
            "hashes": [
                "sha256:056806e83eaa09d0af0e452dd353db8f7c90aa2dedcce1112a2d21592550f6b1",
                "sha256:07594e585a5ba25cf331ddb63095ca51010c34e328a822cb772ffbd5daa62cb5",
                "sha256:0abd56d90dff3ed566807520de1385126dded21e62d3490a34c180a91f94c1f4",
                "sha256:15c04d695833c739dbb25c88eaf6abd9a461ec0dbd32f44bc8769335a495cf5a",
                "sha256:1820845e7e6410240eff97742e9f76cd5bf10ca01d36a322e86c0bd5340ac25b",
                "sha256:1bcbeac764bbae329bc2cc9e95d0f4d3b0fb456b92cf12e7e06e3e860a4b31cf",
                "sha256:2410000eb57cf76b05b37d2aee270b686f0a7876710850a2bba92b4ed133e026",
                "sha256:2882b62f74de8c8a4f7b2be066f6230ecc46f4edc8f42db1fb7358200abe3b25",
                "sha256:297ee755d3c6cd7e7d3770f298f4d4d4b000665943ae6d2888f7407418a9a510",
                "sha256:39ce785f0cbd07966a9019386b7a054615b2da63da3c7727f371304d000a1890",
                "sha256:3a92e4df5330cd384984e04804104ae34f521345917813aa86fc0930101a3697",
                "sha256:3bbeee115b05b22f6a9fa9bc78f9ab8d9d6bb8c16fdfc60401fc8658beae1099",
                "sha256:4537bb9e35af62c5189493792a8c34d127275a6d175c8ad48b6314cacba4021e",
                "sha256:462178987f0e5c60d6d1b79e4e95803a4cd789db961d6b3f087245906bb5ae04",
                "sha256:5292a627b44b6d3065de4a364ead23bab3c9d7a7c05416a9de0c0624d0fe03f4",
                "sha256:5502832b7cec670a880764f51a335a19b10ff5ab2e940e1ded67f39b88aa02b1",
                "sha256:585847ed190ea9cb4d632eb0ebf58f1d299bbca5e03284bc3d0fa08bab6ea365",
                "sha256:59645b2d9f19b5ff30cb46ddbcaa09c398f9cd81e4e476b21c7c55ae1e942807",
                "sha256:5d4b30d068b022e412adcf9b14c0d9bcbc872e9745b91467edc0a4c700a8bba6",
                "sha256:7033199706526e7ee06a362e38476dfdf2ddbad625c19b67ed30411d1bb25a18",
                "sha256:7b07cbbd4eea56738e995fcbba3b60e41fd9aa9dac937fb7985c5dcbc7626260",
                "sha256:7da3f6f6b857399c9ad85bcbffc83189e547a0a1a777ab68f5385154f8bc1ed4",
                "sha256:83c1e731c2b76f26689ad88534cafefe105dcf385567bead08f5857cb308246b",
                "sha256:9674a9d3f23702e35a89e22504f41b467893cf704f627cc9cdd118cf1dcc8e26",
                "sha256:9ecd0fc34aa46eeac24f4d20e67bafaf72ca914f99690bf2898674905eaddaf9",
                "sha256:a0c4bdd1d646365d10ba1468bcf234ea5ad46e8ce2b115983e8563248614910a",
                "sha256:a144f6cecbb61aace12e5920840338a3d246123a41d795e316e2792e9775ad15",
                "sha256:a3cd7f945d3e3b82ebd2a4c9862eb9891a5ac87f84a7db336acbeafd86e6c402",
                "sha256:a614224719579044bd7950554d3b4c1793bb5715cbf0f0399b1f21d283c40ef6",
                "sha256:ace080a9c3c673c42adfd2116875a63fec9613797be01a6105acf7721ed0c693",
                "sha256:b2de4e7b5a930be04a4d05c9f5fce7e9191217ccdc174b026c2a7928770dca9f",
                "sha256:b6b68c444abbaf4a2b944a61cf35726ab9645f45d416bcc7cf4addc4b2f2d53d",
                "sha256:be3c6ac822edb509aeef41361ca9c8c5ee52cb9e4973e1977d2bb7d6a460fd97",
                "sha256:c07acd49541f5f6f9984fe0adf162d77bf70e0f58e77f9960c6f571314ff63a4",
                "sha256:c1e0a4c86d4cbd93059d5eeceed6e1c2e3e1494e1bf40be9b8ab14302c576162",
                "sha256:c8c5bc498f6506b6041c30afb7a55c57a9fd535d1a0ac7cdba9b5fd791a85633",
                "sha256:c95dd6e60e059ff770a2ac9f5a202b75dd64d76b0cd0c48f27d58907e43ed6a6",
                "sha256:ccd2f1cf11768d1f6fbe4e13e8b8fb0ccfe9914ceeff55a367d5571e82eeb543",
                "sha256:d0cc0393744ce3ce1b237ae773635cc928470ff46fb0d3f677e337a38e5ed4f6",
                "sha256:d539ebd05a2bbfbf897d41738d37d162d5c3d9f2b1f8ddf2c4f75e2c9cf59907",
                "sha256:d71aa430b2ac40e18e388504ac34cc91d49d811855ca507c463a21059bf364f0",
                "sha256:dcb5f324712a104aca4a459e524e535f205f36deb8005feb4f9d3ff0a22b5177",
                "sha256:e516124010ef60d5fc2e0de0f1f987599249dc55fd529001f17f776a4145767f",
                "sha256:fb64abf0d92134cb0ba4496a3b7ab918588eee42de20e5b3507fe6ee16db97ee"
            ],
            "version": "==1.41.0"
        },
        "idna": {
            "hashes": [
                "sha256:84d9dd047ffa80596e0f246e2eab0b391788b0503584e8945f2368256d2735ff",
                "sha256:9d643ff0a55b762d5cdb124b8eaa99c66322e2157b69160bc32796e824360e6d"
            ],
            "markers": "python_version >= '3'",
            "version": "==3.3"
        },
        "imagesize": {
            "hashes": [
                "sha256:6965f19a6a2039c7d48bca7dba2473069ff854c36ae6f19d2cde309d998228a1",
                "sha256:b1f6b5a4eab1f73479a50fb79fcf729514a900c341d8503d62a62dbc4127a2b1"
            ],
            "markers": "python_version >= '2.7' and python_version not in '3.0, 3.1, 3.2, 3.3'",
            "version": "==1.2.0"
        },
        "importlib-metadata": {
            "hashes": [
                "sha256:742add720a20d0467df2f444ae41704000f50e1234f46174b51f9c6031a1bd71",
                "sha256:b74159469b464a99cb8cc3e21973e4d96e05d3024d337313fedb618a6e86e6f4"
            ],
            "index": "pypi",
            "version": "==3.7.3"
        },
        "iniconfig": {
            "hashes": [
                "sha256:011e24c64b7f47f6ebd835bb12a743f2fbe9a26d4cecaa7f53bc4f35ee9da8b3",
                "sha256:bc3af051d7d14b2ee5ef9969666def0cd1a000e121eaea580d4a313df4b37f32"
            ],
            "version": "==1.1.1"
        },
        "isort": {
            "hashes": [
                "sha256:9c2ea1e62d871267b78307fe511c0838ba0da28698c5732d54e2790bf3ba9899",
                "sha256:e17d6e2b81095c9db0a03a8025a957f334d6ea30b26f9ec70805411e5c7c81f2"
            ],
            "markers": "python_version < '4' and python_full_version >= '3.6.1'",
            "version": "==5.9.3"
        },
        "jinja2": {
            "hashes": [
                "sha256:827a0e32839ab1600d4eb1c4c33ec5a8edfbc5cb42dafa13b81f182f97784b45",
                "sha256:8569982d3f0889eed11dd620c706d39b60c36d6d25843961f33f77fb6bc6b20c"
            ],
            "markers": "python_version >= '3.6'",
            "version": "==3.0.2"
        },
        "lazy-object-proxy": {
            "hashes": [
                "sha256:17e0967ba374fc24141738c69736da90e94419338fd4c7c7bef01ee26b339653",
                "sha256:1fee665d2638491f4d6e55bd483e15ef21f6c8c2095f235fef72601021e64f61",
                "sha256:22ddd618cefe54305df49e4c069fa65715be4ad0e78e8d252a33debf00f6ede2",
                "sha256:24a5045889cc2729033b3e604d496c2b6f588c754f7a62027ad4437a7ecc4837",
                "sha256:410283732af311b51b837894fa2f24f2c0039aa7f220135192b38fcc42bd43d3",
                "sha256:4732c765372bd78a2d6b2150a6e99d00a78ec963375f236979c0626b97ed8e43",
                "sha256:489000d368377571c6f982fba6497f2aa13c6d1facc40660963da62f5c379726",
                "sha256:4f60460e9f1eb632584c9685bccea152f4ac2130e299784dbaf9fae9f49891b3",
                "sha256:5743a5ab42ae40caa8421b320ebf3a998f89c85cdc8376d6b2e00bd12bd1b587",
                "sha256:85fb7608121fd5621cc4377a8961d0b32ccf84a7285b4f1d21988b2eae2868e8",
                "sha256:9698110e36e2df951c7c36b6729e96429c9c32b3331989ef19976592c5f3c77a",
                "sha256:9d397bf41caad3f489e10774667310d73cb9c4258e9aed94b9ec734b34b495fd",
                "sha256:b579f8acbf2bdd9ea200b1d5dea36abd93cabf56cf626ab9c744a432e15c815f",
                "sha256:b865b01a2e7f96db0c5d12cfea590f98d8c5ba64ad222300d93ce6ff9138bcad",
                "sha256:bf34e368e8dd976423396555078def5cfc3039ebc6fc06d1ae2c5a65eebbcde4",
                "sha256:c6938967f8528b3668622a9ed3b31d145fab161a32f5891ea7b84f6b790be05b",
                "sha256:d1c2676e3d840852a2de7c7d5d76407c772927addff8d742b9808fe0afccebdf",
                "sha256:d7124f52f3bd259f510651450e18e0fd081ed82f3c08541dffc7b94b883aa981",
                "sha256:d900d949b707778696fdf01036f58c9876a0d8bfe116e8d220cfd4b15f14e741",
                "sha256:ebfd274dcd5133e0afae738e6d9da4323c3eb021b3e13052d8cbd0e457b1256e",
                "sha256:ed361bb83436f117f9917d282a456f9e5009ea12fd6de8742d1a4752c3017e93",
                "sha256:f5144c75445ae3ca2057faac03fda5a902eff196702b0a24daf1d6ce0650514b"
            ],
            "markers": "python_version >= '2.7' and python_version not in '3.0, 3.1, 3.2, 3.3, 3.4, 3.5'",
            "version": "==1.6.0"
        },
        "markupsafe": {
            "hashes": [
                "sha256:01a9b8ea66f1658938f65b93a85ebe8bc016e6769611be228d797c9d998dd298",
                "sha256:023cb26ec21ece8dc3907c0e8320058b2e0cb3c55cf9564da612bc325bed5e64",
                "sha256:0446679737af14f45767963a1a9ef7620189912317d095f2d9ffa183a4d25d2b",
                "sha256:0717a7390a68be14b8c793ba258e075c6f4ca819f15edfc2a3a027c823718567",
                "sha256:0955295dd5eec6cb6cc2fe1698f4c6d84af2e92de33fbcac4111913cd100a6ff",
                "sha256:0d4b31cc67ab36e3392bbf3862cfbadac3db12bdd8b02a2731f509ed5b829724",
                "sha256:10f82115e21dc0dfec9ab5c0223652f7197feb168c940f3ef61563fc2d6beb74",
                "sha256:168cd0a3642de83558a5153c8bd34f175a9a6e7f6dc6384b9655d2697312a646",
                "sha256:1d609f577dc6e1aa17d746f8bd3c31aa4d258f4070d61b2aa5c4166c1539de35",
                "sha256:1f2ade76b9903f39aa442b4aadd2177decb66525062db244b35d71d0ee8599b6",
                "sha256:2a7d351cbd8cfeb19ca00de495e224dea7e7d919659c2841bbb7f420ad03e2d6",
                "sha256:2d7d807855b419fc2ed3e631034685db6079889a1f01d5d9dac950f764da3dad",
                "sha256:2ef54abee730b502252bcdf31b10dacb0a416229b72c18b19e24a4509f273d26",
                "sha256:36bc903cbb393720fad60fc28c10de6acf10dc6cc883f3e24ee4012371399a38",
                "sha256:37205cac2a79194e3750b0af2a5720d95f786a55ce7df90c3af697bfa100eaac",
                "sha256:3c112550557578c26af18a1ccc9e090bfe03832ae994343cfdacd287db6a6ae7",
                "sha256:3dd007d54ee88b46be476e293f48c85048603f5f516008bee124ddd891398ed6",
                "sha256:47ab1e7b91c098ab893b828deafa1203de86d0bc6ab587b160f78fe6c4011f75",
                "sha256:49e3ceeabbfb9d66c3aef5af3a60cc43b85c33df25ce03d0031a608b0a8b2e3f",
                "sha256:4efca8f86c54b22348a5467704e3fec767b2db12fc39c6d963168ab1d3fc9135",
                "sha256:53edb4da6925ad13c07b6d26c2a852bd81e364f95301c66e930ab2aef5b5ddd8",
                "sha256:5855f8438a7d1d458206a2466bf82b0f104a3724bf96a1c781ab731e4201731a",
                "sha256:594c67807fb16238b30c44bdf74f36c02cdf22d1c8cda91ef8a0ed8dabf5620a",
                "sha256:5bb28c636d87e840583ee3adeb78172efc47c8b26127267f54a9c0ec251d41a9",
                "sha256:60bf42e36abfaf9aff1f50f52644b336d4f0a3fd6d8a60ca0d054ac9f713a864",
                "sha256:611d1ad9a4288cf3e3c16014564df047fe08410e628f89805e475368bd304914",
                "sha256:6557b31b5e2c9ddf0de32a691f2312a32f77cd7681d8af66c2692efdbef84c18",
                "sha256:693ce3f9e70a6cf7d2fb9e6c9d8b204b6b39897a2c4a1aa65728d5ac97dcc1d8",
                "sha256:6a7fae0dd14cf60ad5ff42baa2e95727c3d81ded453457771d02b7d2b3f9c0c2",
                "sha256:6c4ca60fa24e85fe25b912b01e62cb969d69a23a5d5867682dd3e80b5b02581d",
                "sha256:6fcf051089389abe060c9cd7caa212c707e58153afa2c649f00346ce6d260f1b",
                "sha256:7d91275b0245b1da4d4cfa07e0faedd5b0812efc15b702576d103293e252af1b",
                "sha256:905fec760bd2fa1388bb5b489ee8ee5f7291d692638ea5f67982d968366bef9f",
                "sha256:97383d78eb34da7e1fa37dd273c20ad4320929af65d156e35a5e2d89566d9dfb",
                "sha256:984d76483eb32f1bcb536dc27e4ad56bba4baa70be32fa87152832cdd9db0833",
                "sha256:99df47edb6bda1249d3e80fdabb1dab8c08ef3975f69aed437cb69d0a5de1e28",
                "sha256:a30e67a65b53ea0a5e62fe23682cfe22712e01f453b95233b25502f7c61cb415",
                "sha256:ab3ef638ace319fa26553db0624c4699e31a28bb2a835c5faca8f8acf6a5a902",
                "sha256:add36cb2dbb8b736611303cd3bfcee00afd96471b09cda130da3581cbdc56a6d",
                "sha256:b2f4bf27480f5e5e8ce285a8c8fd176c0b03e93dcc6646477d4630e83440c6a9",
                "sha256:b7f2d075102dc8c794cbde1947378051c4e5180d52d276987b8d28a3bd58c17d",
                "sha256:baa1a4e8f868845af802979fcdbf0bb11f94f1cb7ced4c4b8a351bb60d108145",
                "sha256:be98f628055368795d818ebf93da628541e10b75b41c559fdf36d104c5787066",
                "sha256:bf5d821ffabf0ef3533c39c518f3357b171a1651c1ff6827325e4489b0e46c3c",
                "sha256:c47adbc92fc1bb2b3274c4b3a43ae0e4573d9fbff4f54cd484555edbf030baf1",
                "sha256:d7f9850398e85aba693bb640262d3611788b1f29a79f0c93c565694658f4071f",
                "sha256:d8446c54dc28c01e5a2dbac5a25f071f6653e6e40f3a8818e8b45d790fe6ef53",
                "sha256:e0f138900af21926a02425cf736db95be9f4af72ba1bb21453432a07f6082134",
                "sha256:e9936f0b261d4df76ad22f8fee3ae83b60d7c3e871292cd42f40b81b70afae85",
                "sha256:f5653a225f31e113b152e56f154ccbe59eeb1c7487b39b9d9f9cdb58e6c79dc5",
                "sha256:f826e31d18b516f653fe296d967d700fddad5901ae07c622bb3705955e1faa94",
                "sha256:f8ba0e8349a38d3001fae7eadded3f6606f0da5d748ee53cc1dab1d6527b9509",
                "sha256:f9081981fe268bd86831e5c75f7de206ef275defcb82bc70740ae6dc507aee51",
                "sha256:fa130dd50c57d53368c9d59395cb5526eda596d3ffe36666cd81a44d56e48872"
            ],
            "markers": "python_version >= '3.6'",
            "version": "==2.0.1"
        },
        "mccabe": {
            "hashes": [
                "sha256:ab8a6258860da4b6677da4bd2fe5dc2c659cff31b3ee4f7f5d64e79735b80d42",
                "sha256:dd8d182285a0fe56bace7f45b5e7d1a6ebcbf524e8f3bd87eb0f125271b8831f"
            ],
            "version": "==0.6.1"
        },
        "mock": {
            "hashes": [
                "sha256:122fcb64ee37cfad5b3f48d7a7d51875d7031aaf3d8be7c42e2bee25044eee62",
                "sha256:7d3fbbde18228f4ff2f1f119a45cdffa458b4c0dee32eb4d2bb2f82554bac7bc"
            ],
            "markers": "python_version >= '3.6'",
            "version": "==4.0.3"
        },
        "mypy": {
            "hashes": [
                "sha256:088cd9c7904b4ad80bec811053272986611b84221835e079be5bcad029e79dd9",
                "sha256:0aadfb2d3935988ec3815952e44058a3100499f5be5b28c34ac9d79f002a4a9a",
                "sha256:119bed3832d961f3a880787bf621634ba042cb8dc850a7429f643508eeac97b9",
                "sha256:1a85e280d4d217150ce8cb1a6dddffd14e753a4e0c3cf90baabb32cefa41b59e",
                "sha256:3c4b8ca36877fc75339253721f69603a9c7fdb5d4d5a95a1a1b899d8b86a4de2",
                "sha256:3e382b29f8e0ccf19a2df2b29a167591245df90c0b5a2542249873b5c1d78212",
                "sha256:42c266ced41b65ed40a282c575705325fa7991af370036d3f134518336636f5b",
                "sha256:53fd2eb27a8ee2892614370896956af2ff61254c275aaee4c230ae771cadd885",
                "sha256:704098302473cb31a218f1775a873b376b30b4c18229421e9e9dc8916fd16150",
                "sha256:7df1ead20c81371ccd6091fa3e2878559b5c4d4caadaf1a484cf88d93ca06703",
                "sha256:866c41f28cee548475f146aa4d39a51cf3b6a84246969f3759cb3e9c742fc072",
                "sha256:a155d80ea6cee511a3694b108c4494a39f42de11ee4e61e72bc424c490e46457",
                "sha256:adaeee09bfde366d2c13fe6093a7df5df83c9a2ba98638c7d76b010694db760e",
                "sha256:b6fb13123aeef4a3abbcfd7e71773ff3ff1526a7d3dc538f3929a49b42be03f0",
                "sha256:b94e4b785e304a04ea0828759172a15add27088520dc7e49ceade7834275bedb",
                "sha256:c0df2d30ed496a08de5daed2a9ea807d07c21ae0ab23acf541ab88c24b26ab97",
                "sha256:c6c2602dffb74867498f86e6129fd52a2770c48b7cd3ece77ada4fa38f94eba8",
                "sha256:ceb6e0a6e27fb364fb3853389607cf7eb3a126ad335790fa1e14ed02fba50811",
                "sha256:d9dd839eb0dc1bbe866a288ba3c1afc33a202015d2ad83b31e875b5905a079b6",
                "sha256:e4dab234478e3bd3ce83bac4193b2ecd9cf94e720ddd95ce69840273bf44f6de",
                "sha256:ec4e0cd079db280b6bdabdc807047ff3e199f334050db5cbb91ba3e959a67504",
                "sha256:ecd2c3fe726758037234c93df7e98deb257fd15c24c9180dacf1ef829da5f921",
                "sha256:ef565033fa5a958e62796867b1df10c40263ea9ded87164d67572834e57a174d"
            ],
            "index": "pypi",
            "version": "==0.910"
        },
        "mypy-extensions": {
            "hashes": [
                "sha256:090fedd75945a69ae91ce1303b5824f428daf5a028d2f6ab8a299250a846f15d",
                "sha256:2d82818f5bb3e369420cb3c4060a7970edba416647068eb4c5343488a6c604a8"
            ],
            "version": "==0.4.3"
        },
        "oauthlib": {
            "hashes": [
                "sha256:42bf6354c2ed8c6acb54d971fce6f88193d97297e18602a3a886603f9d7730cc",
                "sha256:8f0215fcc533dd8dd1bee6f4c412d4f0cd7297307d43ac61666389e3bc3198a3"
            ],
            "index": "pypi",
            "version": "==3.1.1"
        },
        "packaging": {
            "hashes": [
                "sha256:7dc96269f53a4ccec5c0670940a4281106dd0bb343f47b7471f779df49c2fbe7",
                "sha256:c86254f9220d55e31cc94d69bade760f0847da8000def4dfe1c6b872fd14ff14"
            ],
            "markers": "python_version >= '3.6'",
            "version": "==21.0"
        },
        "pluggy": {
            "hashes": [
                "sha256:265a94bf44ca13662f12fcd1b074c14d4b269a712f051b6f644ef7e705d6735f",
                "sha256:467f0219e89bb5061a8429c6fc5cf055fa3983a0e68e84a1d205046306b37d9e"
            ],
            "markers": "python_version >= '2.7' and python_version not in '3.0, 3.1, 3.2, 3.3'",
            "version": "==1.0.0.dev0"
        },
        "protobuf": {
            "hashes": [
                "sha256:0851b5b89191e1976d34fa2e8eb8659829dfb45252053224cf9df857fb5f6a45",
                "sha256:09d9268f6f9da81b7657adcf2fb397524c82f20cdf9e0db3ff4e7567977abd67",
                "sha256:10544fc7ace885a882623083c24da5b14148c77563acddc3c58d66f6153c09cd",
                "sha256:1c9bb40503751087300dd12ce2e90899d68628977905c76effc48e66d089391e",
                "sha256:387f621bf7295a331f8c8a6962d097ceddeb85356792888cfa6a5c6bfc6886a4",
                "sha256:3c1644f8a7f19b45c7a4c32278e2a55ae9e7e2f9e5f02d960a61f04a4890d3e6",
                "sha256:4d19c9cb805fd2be1d59eee39e152367ee92a30167e77bd06c8819f8f0009a4c",
                "sha256:61ca58e14033ca0dfa484a31d57237c1be3b6013454c7f53876a20fc88dd69b1",
                "sha256:6f714f5de9d40b3bec90ede4a688cce52f637ccdc5403afcda1f67598f4fdcd7",
                "sha256:7a7be937c319146cc9f2626f0181e6809062c353e1fe449ecd0df374ba1036b2",
                "sha256:7e2f0677d68ecdd1cfda2abea65873f5bc7c3f5aae199404a3f5c1d1198c1a63",
                "sha256:8c1c5d3966c856f60a9d8d62f4455d70c31026422acdd5c228edf22b65b16c38",
                "sha256:93bad12895d8b0ebc66b605c2ef1802311595f881aef032d9f13282b7550e6b2",
                "sha256:c0e2790c580070cff2921b93d562539ae027064340151c50db6aaf94c33048cd",
                "sha256:c492c217d3f69f4d2d5619571e52ab98538edbf53caf67e53ea92bd0a3b5670f",
                "sha256:d6d927774c0ec746fed15a4faff5f44aad0b7a3421fadb6f3ae5ca1f2f8ae26e",
                "sha256:d76201380f41a2d83fb613a4683059d1fcafbe969518b3e409e279a8788fde2f",
                "sha256:e2ee8b11e3eb2ed38f12137c3c132270a0b1dd509e317228ac47b67f21a583f1",
                "sha256:e9ac691f7b24e4371dcd3980e4f5d6c840a2010da37986203053fee995786ec5",
                "sha256:f20f803892f2135e8b96dc58c9a0c6a7ad8436794bf8784af229498d939b4c77",
                "sha256:fa6d1049d5315566f55c04d0b50c0033415144f96a9d25c820dc542fe2bb7f45"
            ],
            "markers": "python_version >= '3.5'",
            "version": "==3.18.1"
        },
        "py": {
            "hashes": [
                "sha256:21b81bda15b66ef5e1a777a21c4dcd9c20ad3efd0b3f817e7a809035269e1bd3",
                "sha256:3b80836aa6d1feeaa108e046da6423ab8f6ceda6468545ae8d02d9d58d18818a"
            ],
            "markers": "python_version >= '2.7' and python_version not in '3.0, 3.1, 3.2, 3.3'",
            "version": "==1.10.0"
        },
        "pycodestyle": {
            "hashes": [
                "sha256:720f8b39dde8b293825e7ff02c475f3077124006db4f440dcbc9a20b76548a20",
                "sha256:eddd5847ef438ea1c7870ca7eb78a9d47ce0cdb4851a5523949f2601d0cbbe7f"
            ],
            "markers": "python_version >= '2.7' and python_version not in '3.0, 3.1, 3.2, 3.3, 3.4'",
            "version": "==2.8.0"
        },
        "pygments": {
            "hashes": [
                "sha256:b8e67fe6af78f492b3c4b3e2970c0624cbf08beb1e493b2c99b9fa1b67a20380",
                "sha256:f398865f7eb6874156579fdf36bc840a03cab64d1cde9e93d68f46a425ec52c6"
            ],
            "markers": "python_version >= '3.5'",
            "version": "==2.10.0"
        },
        "pylint": {
            "hashes": [
                "sha256:209d712ec870a0182df034ae19f347e725c1e615b2269519ab58a35b3fcbbe7a",
                "sha256:bd38914c7731cdc518634a8d3c5585951302b6e2b6de60fbb3f7a0220e21eeee"
            ],
            "index": "pypi",
            "version": "==2.7.4"
        },
        "pyparsing": {
            "hashes": [
                "sha256:10fb0827f908440eda768ec659627c3ac5dc20a25b4adaf50e7e10b248c17a4f",
                "sha256:f72f2294ef53f917d984093e8ac8ed5818837516132e68c67b7fdd5350c8dabf"
            ],
            "markers": "python_version >= '3.6'",
            "version": "==3.0.0rc2"
        },
        "pytest": {
            "hashes": [
                "sha256:50bcad0a0b9c5a72c8e4e7c9855a3ad496ca6a881a3641b4260605450772c54b",
                "sha256:91ef2131a9bd6be8f76f1f08eac5c5317221d6ad1e143ae03894b862e8976890"
            ],
            "index": "pypi",
            "version": "==6.2.4"
        },
        "pytest-asyncio": {
            "hashes": [
                "sha256:2564ceb9612bbd560d19ca4b41347b54e7835c2f792c504f698e05395ed63f6f",
                "sha256:3042bcdf1c5d978f6b74d96a151c4cfb9dcece65006198389ccd7e6c60eb1eea"
            ],
            "index": "pypi",
            "version": "==0.15.1"
        },
        "pytest-grpc": {
            "hashes": [
                "sha256:0bd2683ffd34199444d707c0ab01970b22e0afbba6cb1ddb6d578c85ebfe09bd",
                "sha256:5b062cf498e59995e84b3051da76f7bcff8cfe307927869f7bdc27ab967eee35"
            ],
            "index": "pypi",
            "version": "==0.8.0"
        },
        "pytest-mock": {
            "hashes": [
                "sha256:30c2f2cc9759e76eee674b81ea28c9f0b94f8f0445a1b87762cadf774f0df7e3",
                "sha256:40217a058c52a63f1042f0784f62009e976ba824c418cced42e88d5f40ab0e62"
            ],
            "index": "pypi",
            "version": "==3.6.1"
        },
        "pytz": {
            "hashes": [
                "sha256:3672058bc3453457b622aab7a1c3bfd5ab0bdae451512f6cf25f64ed37f5b87c",
                "sha256:acad2d8b20a1af07d4e4c9d2e9285c5ed9104354062f275f3fcd88dcef4f1326"
            ],
            "version": "==2021.3"
        },
        "pyzeebe": {
            "editable": true,
            "path": "."
        },
        "requests": {
            "hashes": [
                "sha256:6c1246513ecd5ecd4528a0906f910e8f0f9c6b8ec72030dc9fd154dc1a6efd24",
                "sha256:b8aa58f8cf793ffd8782d3d8cb19e66ef36f7aba4353eec859e74678b01b07a7"
            ],
            "markers": "python_version >= '2.7' and python_version not in '3.0, 3.1, 3.2, 3.3, 3.4, 3.5'",
            "version": "==2.26.0"
        },
        "requests-oauthlib": {
            "hashes": [
                "sha256:7f71572defaecd16372f9006f33c2ec8c077c3cfa6f5911a9a90202beb513f3d",
                "sha256:b4261601a71fd721a8bd6d7aa1cc1d6a8a93b4a9f5e96626f8e4d91e8beeaa6a",
                "sha256:fa6c47b933f01060936d87ae9327fead68768b69c6c9ea2109c48be30f2d4dbc"
            ],
            "index": "pypi",
            "version": "==1.3.0"
        },
        "responses": {
            "hashes": [
                "sha256:18a5b88eb24143adbf2b4100f328a2f5bfa72fbdacf12d97d41f07c26c45553d",
                "sha256:b54067596f331786f5ed094ff21e8d79e6a1c68ef625180a7d34808d6f36c11b"
            ],
            "index": "pypi",
            "version": "==0.13.3"
        },
        "sanitized-package": {
            "editable": true,
            "path": "."
        },
        "six": {
            "hashes": [
                "sha256:1e61c37477a1626458e36f7b1d82aa5c9b094fa4802892072e49de9c60c4c926",
                "sha256:8abb2f1d86890a2dfb989f9a77cfcfd3e47c2a354b01111771326f8aa26e0254"
            ],
            "markers": "python_version >= '2.7' and python_version not in '3.0, 3.1, 3.2, 3.3'",
            "version": "==1.16.0"
        },
        "snowballstemmer": {
            "hashes": [
                "sha256:b51b447bea85f9968c13b650126a888aabd4cb4463fca868ec596826325dedc2",
                "sha256:e997baa4f2e9139951b6f4c631bad912dfd3c792467e2f03d7239464af90e914"
            ],
            "version": "==2.1.0"
        },
        "sphinx": {
            "hashes": [
                "sha256:94078db9184491e15bce0a56d9186e0aec95f16ac20b12d00e06d4e36f1058a6",
                "sha256:98a535c62a4fcfcc362528592f69b26f7caec587d32cd55688db580be0287ae0"
            ],
            "index": "pypi",
            "version": "==4.2.0"
        },
        "sphinx-rtd-theme": {
            "hashes": [
                "sha256:32bd3b5d13dc8186d7a42fc816a23d32e83a4827d7d9882948e7b837c232da5a",
                "sha256:4a05bdbe8b1446d77a01e20a23ebc6777c74f43237035e76be89699308987d6f"
            ],
            "index": "pypi",
            "version": "==0.5.2"
        },
        "sphinxcontrib-applehelp": {
            "hashes": [
                "sha256:806111e5e962be97c29ec4c1e7fe277bfd19e9652fb1a4392105b43e01af885a",
                "sha256:a072735ec80e7675e3f432fcae8610ecf509c5f1869d17e2eecff44389cdbc58"
            ],
            "markers": "python_version >= '3.5'",
            "version": "==1.0.2"
        },
        "sphinxcontrib-devhelp": {
            "hashes": [
                "sha256:8165223f9a335cc1af7ffe1ed31d2871f325254c0423bc0c4c7cd1c1e4734a2e",
                "sha256:ff7f1afa7b9642e7060379360a67e9c41e8f3121f2ce9164266f61b9f4b338e4"
            ],
            "markers": "python_version >= '3.5'",
            "version": "==1.0.2"
        },
        "sphinxcontrib-htmlhelp": {
            "hashes": [
                "sha256:d412243dfb797ae3ec2b59eca0e52dac12e75a241bf0e4eb861e450d06c6ed07",
                "sha256:f5f8bb2d0d629f398bf47d0d69c07bc13b65f75a81ad9e2f71a63d4b7a2f6db2"
            ],
            "markers": "python_version >= '3.6'",
            "version": "==2.0.0"
        },
        "sphinxcontrib-jsmath": {
            "hashes": [
                "sha256:2ec2eaebfb78f3f2078e73666b1415417a116cc848b72e5172e596c871103178",
                "sha256:a9925e4a4587247ed2191a22df5f6970656cb8ca2bd6284309578f2153e0c4b8"
            ],
            "markers": "python_version >= '3.5'",
            "version": "==1.0.1"
        },
        "sphinxcontrib-qthelp": {
            "hashes": [
                "sha256:4c33767ee058b70dba89a6fc5c1892c0d57a54be67ddd3e7875a18d14cba5a72",
                "sha256:bd9fc24bcb748a8d51fd4ecaade681350aa63009a347a8c14e637895444dfab6"
            ],
            "markers": "python_version >= '3.5'",
            "version": "==1.0.3"
        },
        "sphinxcontrib-serializinghtml": {
            "hashes": [
                "sha256:352a9a00ae864471d3a7ead8d7d79f5fc0b57e8b3f95e9867eb9eb28999b92fd",
                "sha256:aa5f6de5dfdf809ef505c4895e51ef5c9eac17d0f287933eb49ec495280b6952"
            ],
            "markers": "python_version >= '3.5'",
            "version": "==1.1.5"
        },
        "toml": {
            "hashes": [
                "sha256:806143ae5bfb6a3c6e736a764057db0e6a0e05e338b5630894a5f779cabb4f9b",
                "sha256:b3bda1d108d5dd99f4a20d24d9c348e91c4db7ab1b749200bded2f839ccbe68f"
            ],
            "markers": "python_version >= '2.6' and python_version not in '3.0, 3.1, 3.2, 3.3'",
            "version": "==0.10.2"
        },
        "typing-extensions": {
            "hashes": [
                "sha256:49f75d16ff11f1cd258e1b988ccff82a3ca5570217d7ad8c5f48205dd99a677e",
                "sha256:d8226d10bc02a29bcc81df19a26e56a9647f8b0a6d4a83924139f4a8b01f17b7",
                "sha256:f1d25edafde516b146ecd0613dabcc61409817af4766fbbcfb8d1ad4ec441a34"
            ],
            "version": "==3.10.0.2"
        },
        "urllib3": {
            "hashes": [
                "sha256:4987c65554f7a2dbf30c18fd48778ef124af6fab771a377103da0585e2336ece",
                "sha256:c4fdf4019605b6e5423637e01bc9fe4daef873709a7973e195ceba0a62bbc844"
            ],
            "markers": "python_version >= '2.7' and python_version not in '3.0, 3.1, 3.2, 3.3, 3.4' and python_version < '4.0'",
            "version": "==1.26.7"
        },
        "wrapt": {
            "hashes": [
                "sha256:b62ffa81fb85f4332a4f609cab4ac40709470da05643a082ec1eb88e6d9b97d7"
            ],
            "version": "==1.12.1"
        },
        "zeebe-grpc": {
            "hashes": [
                "sha256:6a5b8b281dc57a949882ad28b82d3516898df07fdb9cdb0acd9db71aa8865eb5",
                "sha256:be2eafa4068335b9554b2f28dd90711625392252e2f5dd50ddd61043ecf77b69"
            ],
            "index": "pypi",
            "version": "==1.0.0"
        },
        "zipp": {
            "hashes": [
                "sha256:71c644c5369f4a6e07636f0aa966270449561fcea2e3d6747b8d23efaa9d7832",
                "sha256:9fe5ea21568a0a70e50f273397638d39b03353731e6cbbb3fd8502a33fec40bc"
            ],
            "markers": "python_version >= '3.6'",
            "version": "==3.6.0"
        }
    }
}
